
Microsoft Visual Studio Solution File, Format Version 10.00
# Visual C++ Express 2008
Project("{8BC9CEB8-8B4A-11D0-8D11-00A0C91BC942}") = "WorldEditor", "..\Projects\WorldEditor\WorldEditor.vcproj", "{D3AE1FBB-B2B4-4C66-BD71-667F1DC1C11E}"
	ProjectSection(ProjectDependencies) = postProject
		{7A053F34-E18A-4345-9206-85327967583F} = {7A053F34-E18A-4345-9206-85327967583F}
		{381A8136-0195-4A4F-BBCD-4AD754123425} = {381A8136-0195-4A4F-BBCD-4AD754123425}
		{C6DB82E5-93BC-4A67-8D37-2FA7BEBDDF29} = {C6DB82E5-93BC-4A67-8D37-2FA7BEBDDF29}
	EndProjectSection
EndProject
Project("{8BC9CEB8-8B4A-11D0-8D11-00A0C91BC942}") = "AtlasEngine", "..\Projects\Engine\Engine.vcproj", "{7A053F34-E18A-4345-9206-85327967583F}"
	ProjectSection(ProjectDependencies) = postProject
		{C6DB82E5-93BC-4A67-8D37-2FA7BEBDDF29} = {C6DB82E5-93BC-4A67-8D37-2FA7BEBDDF29}
	EndProjectSection
EndProject
Project("{8BC9CEB8-8B4A-11D0-8D11-00A0C91BC942}") = "TestDrive", "..\Projects\TestDrive\TestDrive.vcproj", "{11FE0CAB-29F8-47B6-B882-34A53D56A2D3}"
	ProjectSection(ProjectDependencies) = postProject
		{7A053F34-E18A-4345-9206-85327967583F} = {7A053F34-E18A-4345-9206-85327967583F}
		{381A8136-0195-4A4F-BBCD-4AD754123425} = {381A8136-0195-4A4F-BBCD-4AD754123425}
	EndProjectSection
EndProject
Project("{8BC9CEB8-8B4A-11D0-8D11-00A0C91BC942}") = "SpaceInvaders", "..\Projects\SpaceInvaders\SpaceInvaders.vcproj", "{9218116C-5A2D-4F99-9A57-EA8FEFACBFCC}"
	ProjectSection(ProjectDependencies) = postProject
		{7A053F34-E18A-4345-9206-85327967583F} = {7A053F34-E18A-4345-9206-85327967583F}
		{381A8136-0195-4A4F-BBCD-4AD754123425} = {381A8136-0195-4A4F-BBCD-4AD754123425}
	EndProjectSection
EndProject
Project("{8BC9CEB8-8B4A-11D0-8D11-00A0C91BC942}") = "ShaderCompiler", "..\Projects\Tools\ShaderCompiler.vcproj", "{13A4F4FC-06D3-441F-B235-320D9C145BFA}"
	ProjectSection(ProjectDependencies) = postProject
		{7A053F34-E18A-4345-9206-85327967583F} = {7A053F34-E18A-4345-9206-85327967583F}
		{381A8136-0195-4A4F-BBCD-4AD754123425} = {381A8136-0195-4A4F-BBCD-4AD754123425}
	EndProjectSection
EndProject
Project("{8BC9CEB8-8B4A-11D0-8D11-00A0C91BC942}") = "ISCViewer", "..\Projects\ISCViewer\ISCViewer.vcproj", "{705862B2-1D31-45C0-A35B-DF346778EDF2}"
	ProjectSection(ProjectDependencies) = postProject
		{7A053F34-E18A-4345-9206-85327967583F} = {7A053F34-E18A-4345-9206-85327967583F}
		{381A8136-0195-4A4F-BBCD-4AD754123425} = {381A8136-0195-4A4F-BBCD-4AD754123425}
	EndProjectSection
EndProject
Project("{8BC9CEB8-8B4A-11D0-8D11-00A0C91BC942}") = "ObjectiveScript", "..\Projects\ObjectiveScript\ObjectiveScript.vcproj", "{C6DB82E5-93BC-4A67-8D37-2FA7BEBDDF29}"
EndProject
Project("{8BC9CEB8-8B4A-11D0-8D11-00A0C91BC942}") = "Testing", "..\Projects\TestSuite\TestSuite.vcproj", "{381A8136-0195-4A4F-BBCD-4AD754123425}"
	ProjectSection(ProjectDependencies) = postProject
		{7A053F34-E18A-4345-9206-85327967583F} = {7A053F34-E18A-4345-9206-85327967583F}
		{C6DB82E5-93BC-4A67-8D37-2FA7BEBDDF29} = {C6DB82E5-93BC-4A67-8D37-2FA7BEBDDF29}
	EndProjectSection
EndProject
Project("{8BC9CEB8-8B4A-11D0-8D11-00A0C91BC942}") = "Arena", "..\Projects\Arena\Arena.vcproj", "{C862475E-11C8-4D98-9709-FF7E61A03C62}"
	ProjectSection(ProjectDependencies) = postProject
		{7A053F34-E18A-4345-9206-85327967583F} = {7A053F34-E18A-4345-9206-85327967583F}
		{381A8136-0195-4A4F-BBCD-4AD754123425} = {381A8136-0195-4A4F-BBCD-4AD754123425}
	EndProjectSection
EndProject
Global
	GlobalSection(SolutionConfigurationPlatforms) = preSolution
		Debug|Win32 = Debug|Win32
		Release|Win32 = Release|Win32
	EndGlobalSection
	GlobalSection(ProjectConfigurationPlatforms) = postSolution
		{D3AE1FBB-B2B4-4C66-BD71-667F1DC1C11E}.Debug|Win32.ActiveCfg = Debug|Win32
		{D3AE1FBB-B2B4-4C66-BD71-667F1DC1C11E}.Debug|Win32.Build.0 = Debug|Win32
		{D3AE1FBB-B2B4-4C66-BD71-667F1DC1C11E}.Release|Win32.ActiveCfg = Release|Win32
		{D3AE1FBB-B2B4-4C66-BD71-667F1DC1C11E}.Release|Win32.Build.0 = Release|Win32
		{7A053F34-E18A-4345-9206-85327967583F}.Debug|Win32.ActiveCfg = Debug|Win32
		{7A053F34-E18A-4345-9206-85327967583F}.Debug|Win32.Build.0 = Debug|Win32
		{7A053F34-E18A-4345-9206-85327967583F}.Release|Win32.ActiveCfg = Release|Win32
		{7A053F34-E18A-4345-9206-85327967583F}.Release|Win32.Build.0 = Release|Win32
		{11FE0CAB-29F8-47B6-B882-34A53D56A2D3}.Debug|Win32.ActiveCfg = Debug|Win32
		{11FE0CAB-29F8-47B6-B882-34A53D56A2D3}.Debug|Win32.Build.0 = Debug|Win32
		{11FE0CAB-29F8-47B6-B882-34A53D56A2D3}.Release|Win32.ActiveCfg = Release|Win32
		{11FE0CAB-29F8-47B6-B882-34A53D56A2D3}.Release|Win32.Build.0 = Release|Win32
		{9218116C-5A2D-4F99-9A57-EA8FEFACBFCC}.Debug|Win32.ActiveCfg = Debug|Win32
		{9218116C-5A2D-4F99-9A57-EA8FEFACBFCC}.Debug|Win32.Build.0 = Debug|Win32
		{9218116C-5A2D-4F99-9A57-EA8FEFACBFCC}.Release|Win32.ActiveCfg = Release|Win32
		{9218116C-5A2D-4F99-9A57-EA8FEFACBFCC}.Release|Win32.Build.0 = Release|Win32
		{13A4F4FC-06D3-441F-B235-320D9C145BFA}.Debug|Win32.ActiveCfg = Debug|Win32
		{13A4F4FC-06D3-441F-B235-320D9C145BFA}.Debug|Win32.Build.0 = Debug|Win32
		{13A4F4FC-06D3-441F-B235-320D9C145BFA}.Release|Win32.ActiveCfg = Release|Win32
		{13A4F4FC-06D3-441F-B235-320D9C145BFA}.Release|Win32.Build.0 = Release|Win32
		{705862B2-1D31-45C0-A35B-DF346778EDF2}.Debug|Win32.ActiveCfg = Debug|Win32
		{705862B2-1D31-45C0-A35B-DF346778EDF2}.Debug|Win32.Build.0 = Debug|Win32
		{705862B2-1D31-45C0-A35B-DF346778EDF2}.Release|Win32.ActiveCfg = Release|Win32
		{705862B2-1D31-45C0-A35B-DF346778EDF2}.Release|Win32.Build.0 = Release|Win32
		{C6DB82E5-93BC-4A67-8D37-2FA7BEBDDF29}.Debug|Win32.ActiveCfg = Debug|Win32
		{C6DB82E5-93BC-4A67-8D37-2FA7BEBDDF29}.Debug|Win32.Build.0 = Debug|Win32
		{C6DB82E5-93BC-4A67-8D37-2FA7BEBDDF29}.Release|Win32.ActiveCfg = Release|Win32
		{C6DB82E5-93BC-4A67-8D37-2FA7BEBDDF29}.Release|Win32.Build.0 = Release|Win32
		{381A8136-0195-4A4F-BBCD-4AD754123425}.Debug|Win32.ActiveCfg = Debug|Win32
		{381A8136-0195-4A4F-BBCD-4AD754123425}.Debug|Win32.Build.0 = Debug|Win32
		{381A8136-0195-4A4F-BBCD-4AD754123425}.Release|Win32.ActiveCfg = Release|Win32
		{381A8136-0195-4A4F-BBCD-4AD754123425}.Release|Win32.Build.0 = Release|Win32
		{C862475E-11C8-4D98-9709-FF7E61A03C62}.Debug|Win32.ActiveCfg = Debug|Win32
		{C862475E-11C8-4D98-9709-FF7E61A03C62}.Debug|Win32.Build.0 = Debug|Win32
		{C862475E-11C8-4D98-9709-FF7E61A03C62}.Release|Win32.ActiveCfg = Release|Win32
		{C862475E-11C8-4D98-9709-FF7E61A03C62}.Release|Win32.Build.0 = Release|Win32
	EndGlobalSection
	GlobalSection(SolutionProperties) = preSolution
		HideSolutionNode = FALSE
	EndGlobalSection
EndGlobal
